// !$*UTF8*$!
{
	archiveVersion = 1;
	classes = {
	};
	objectVersion = 56;
	objects = {

/* Begin PBXBuildFile section */
		D571898C2A77B7AD00F101BB /* WeatherAPPApp.swift in Sources */ = {isa = PBXBuildFile; fileRef = D571898B2A77B7AD00F101BB /* WeatherAPPApp.swift */; };
		D571898E2A77B7AD00F101BB /* ContentView.swift in Sources */ = {isa = PBXBuildFile; fileRef = D571898D2A77B7AD00F101BB /* ContentView.swift */; };
		D57189902A77B7AE00F101BB /* Assets.xcassets in Resources */ = {isa = PBXBuildFile; fileRef = D571898F2A77B7AE00F101BB /* Assets.xcassets */; };
		D57189942A77B7AE00F101BB /* Preview Assets.xcassets in Resources */ = {isa = PBXBuildFile; fileRef = D57189932A77B7AE00F101BB /* Preview Assets.xcassets */; };
		D571899E2A77B7AE00F101BB /* WeatherAPPTests.swift in Sources */ = {isa = PBXBuildFile; fileRef = D571899D2A77B7AE00F101BB /* WeatherAPPTests.swift */; };
		D57189A82A77B7AE00F101BB /* WeatherAPPUITests.swift in Sources */ = {isa = PBXBuildFile; fileRef = D57189A72A77B7AE00F101BB /* WeatherAPPUITests.swift */; };
		D57189AA2A77B7AE00F101BB /* WeatherAPPUITestsLaunchTests.swift in Sources */ = {isa = PBXBuildFile; fileRef = D57189A92A77B7AE00F101BB /* WeatherAPPUITestsLaunchTests.swift */; };
		D57189B82A77BA5B00F101BB /* APIClient.swift in Sources */ = {isa = PBXBuildFile; fileRef = D57189B72A77BA5B00F101BB /* APIClient.swift */; };
		D57189BB2A77C71200F101BB /* Endpoint.swift in Sources */ = {isa = PBXBuildFile; fileRef = D57189BA2A77C71200F101BB /* Endpoint.swift */; };
		D57189BD2A77CA6500F101BB /* WeatherResponse.swift in Sources */ = {isa = PBXBuildFile; fileRef = D57189BC2A77CA6500F101BB /* WeatherResponse.swift */; };
		D57189C02A77CB9600F101BB /* WeatherViewModel.swift in Sources */ = {isa = PBXBuildFile; fileRef = D57189BF2A77CB9600F101BB /* WeatherViewModel.swift */; };
		D57189C22A77CD2400F101BB /* APIManager.swift in Sources */ = {isa = PBXBuildFile; fileRef = D57189C12A77CD2400F101BB /* APIManager.swift */; };
		D57189C52A78001B00F101BB /* LottieView.swift in Sources */ = {isa = PBXBuildFile; fileRef = D57189C42A78001B00F101BB /* LottieView.swift */; };
		D57189C82A78008800F101BB /* Lottie in Frameworks */ = {isa = PBXBuildFile; productRef = D57189C72A78008800F101BB /* Lottie */; };
		D57189CA2A7803A400F101BB /* Clouds.json in Resources */ = {isa = PBXBuildFile; fileRef = D57189C92A7803A400F101BB /* Clouds.json */; };
		D57189CC2A78069000F101BB /* Windy.json in Resources */ = {isa = PBXBuildFile; fileRef = D57189CB2A78069000F101BB /* Windy.json */; };
		D57189CE2A78ED5D00F101BB /* LocationManager.swift in Sources */ = {isa = PBXBuildFile; fileRef = D57189CD2A78ED5D00F101BB /* LocationManager.swift */; };
		D57189D32A794A6600F101BB /* Clear.json in Resources */ = {isa = PBXBuildFile; fileRef = D57189D22A794A6600F101BB /* Clear.json */; };
		D57189D52A79A76D00F101BB /* WeatherDayRowView.swift in Sources */ = {isa = PBXBuildFile; fileRef = D57189D42A79A76C00F101BB /* WeatherDayRowView.swift */; };
		D57189D72A7A7B6400F101BB /* Extensions.swift in Sources */ = {isa = PBXBuildFile; fileRef = D57189D62A7A7B6400F101BB /* Extensions.swift */; };
/* End PBXBuildFile section */

/* Begin PBXContainerItemProxy section */
		D571899A2A77B7AE00F101BB /* PBXContainerItemProxy */ = {
			isa = PBXContainerItemProxy;
			containerPortal = D57189802A77B7AD00F101BB /* Project object */;
			proxyType = 1;
			remoteGlobalIDString = D57189872A77B7AD00F101BB;
			remoteInfo = WeatherAPP;
		};
		D57189A42A77B7AE00F101BB /* PBXContainerItemProxy */ = {
			isa = PBXContainerItemProxy;
			containerPortal = D57189802A77B7AD00F101BB /* Project object */;
			proxyType = 1;
			remoteGlobalIDString = D57189872A77B7AD00F101BB;
			remoteInfo = WeatherAPP;
		};
/* End PBXContainerItemProxy section */

/* Begin PBXFileReference section */
		D57189882A77B7AD00F101BB /* WeatherAPP.app */ = {isa = PBXFileReference; explicitFileType = wrapper.application; includeInIndex = 0; path = WeatherAPP.app; sourceTree = BUILT_PRODUCTS_DIR; };
		D571898B2A77B7AD00F101BB /* WeatherAPPApp.swift */ = {isa = PBXFileReference; lastKnownFileType = sourcecode.swift; path = WeatherAPPApp.swift; sourceTree = "<group>"; };
		D571898D2A77B7AD00F101BB /* ContentView.swift */ = {isa = PBXFileReference; lastKnownFileType = sourcecode.swift; path = ContentView.swift; sourceTree = "<group>"; };
		D571898F2A77B7AE00F101BB /* Assets.xcassets */ = {isa = PBXFileReference; lastKnownFileType = folder.assetcatalog; path = Assets.xcassets; sourceTree = "<group>"; };
		D57189912A77B7AE00F101BB /* WeatherAPP.entitlements */ = {isa = PBXFileReference; lastKnownFileType = text.plist.entitlements; path = WeatherAPP.entitlements; sourceTree = "<group>"; };
		D57189932A77B7AE00F101BB /* Preview Assets.xcassets */ = {isa = PBXFileReference; lastKnownFileType = folder.assetcatalog; path = "Preview Assets.xcassets"; sourceTree = "<group>"; };
		D57189992A77B7AE00F101BB /* WeatherAPPTests.xctest */ = {isa = PBXFileReference; explicitFileType = wrapper.cfbundle; includeInIndex = 0; path = WeatherAPPTests.xctest; sourceTree = BUILT_PRODUCTS_DIR; };
		D571899D2A77B7AE00F101BB /* WeatherAPPTests.swift */ = {isa = PBXFileReference; lastKnownFileType = sourcecode.swift; path = WeatherAPPTests.swift; sourceTree = "<group>"; };
		D57189A32A77B7AE00F101BB /* WeatherAPPUITests.xctest */ = {isa = PBXFileReference; explicitFileType = wrapper.cfbundle; includeInIndex = 0; path = WeatherAPPUITests.xctest; sourceTree = BUILT_PRODUCTS_DIR; };
		D57189A72A77B7AE00F101BB /* WeatherAPPUITests.swift */ = {isa = PBXFileReference; lastKnownFileType = sourcecode.swift; path = WeatherAPPUITests.swift; sourceTree = "<group>"; };
		D57189A92A77B7AE00F101BB /* WeatherAPPUITestsLaunchTests.swift */ = {isa = PBXFileReference; lastKnownFileType = sourcecode.swift; path = WeatherAPPUITestsLaunchTests.swift; sourceTree = "<group>"; };
		D57189B72A77BA5B00F101BB /* APIClient.swift */ = {isa = PBXFileReference; lastKnownFileType = sourcecode.swift; path = APIClient.swift; sourceTree = "<group>"; };
		D57189BA2A77C71200F101BB /* Endpoint.swift */ = {isa = PBXFileReference; lastKnownFileType = sourcecode.swift; path = Endpoint.swift; sourceTree = "<group>"; };
		D57189BC2A77CA6500F101BB /* WeatherResponse.swift */ = {isa = PBXFileReference; lastKnownFileType = sourcecode.swift; path = WeatherResponse.swift; sourceTree = "<group>"; };
		D57189BF2A77CB9600F101BB /* WeatherViewModel.swift */ = {isa = PBXFileReference; lastKnownFileType = sourcecode.swift; path = WeatherViewModel.swift; sourceTree = "<group>"; };
		D57189C12A77CD2400F101BB /* APIManager.swift */ = {isa = PBXFileReference; lastKnownFileType = sourcecode.swift; path = APIManager.swift; sourceTree = "<group>"; };
		D57189C42A78001B00F101BB /* LottieView.swift */ = {isa = PBXFileReference; lastKnownFileType = sourcecode.swift; path = LottieView.swift; sourceTree = "<group>"; };
		D57189C92A7803A400F101BB /* Clouds.json */ = {isa = PBXFileReference; fileEncoding = 4; lastKnownFileType = text.json; path = Clouds.json; sourceTree = "<group>"; };
		D57189CB2A78069000F101BB /* Windy.json */ = {isa = PBXFileReference; fileEncoding = 4; lastKnownFileType = text.json; path = Windy.json; sourceTree = "<group>"; };
		D57189CD2A78ED5D00F101BB /* LocationManager.swift */ = {isa = PBXFileReference; lastKnownFileType = sourcecode.swift; path = LocationManager.swift; sourceTree = "<group>"; };
		D57189D22A794A6600F101BB /* Clear.json */ = {isa = PBXFileReference; fileEncoding = 4; lastKnownFileType = text.json; path = Clear.json; sourceTree = "<group>"; };
		D57189D42A79A76C00F101BB /* WeatherDayRowView.swift */ = {isa = PBXFileReference; lastKnownFileType = sourcecode.swift; path = WeatherDayRowView.swift; sourceTree = "<group>"; };
		D57189D62A7A7B6400F101BB /* Extensions.swift */ = {isa = PBXFileReference; lastKnownFileType = sourcecode.swift; path = Extensions.swift; sourceTree = "<group>"; };
/* End PBXFileReference section */

/* Begin PBXFrameworksBuildPhase section */
		D57189852A77B7AD00F101BB /* Frameworks */ = {
			isa = PBXFrameworksBuildPhase;
			buildActionMask = 2147483647;
			files = (
				D57189C82A78008800F101BB /* Lottie in Frameworks */,
			);
			runOnlyForDeploymentPostprocessing = 0;
		};
		D57189962A77B7AE00F101BB /* Frameworks */ = {
			isa = PBXFrameworksBuildPhase;
			buildActionMask = 2147483647;
			files = (
			);
			runOnlyForDeploymentPostprocessing = 0;
		};
		D57189A02A77B7AE00F101BB /* Frameworks */ = {
			isa = PBXFrameworksBuildPhase;
			buildActionMask = 2147483647;
			files = (
			);
			runOnlyForDeploymentPostprocessing = 0;
		};
/* End PBXFrameworksBuildPhase section */

/* Begin PBXGroup section */
		D571897F2A77B7AD00F101BB = {
			isa = PBXGroup;
			children = (
				D571898A2A77B7AD00F101BB /* WeatherAPP */,
				D571899C2A77B7AE00F101BB /* WeatherAPPTests */,
				D57189A62A77B7AE00F101BB /* WeatherAPPUITests */,
				D57189892A77B7AD00F101BB /* Products */,
			);
			sourceTree = "<group>";
		};
		D57189892A77B7AD00F101BB /* Products */ = {
			isa = PBXGroup;
			children = (
				D57189882A77B7AD00F101BB /* WeatherAPP.app */,
				D57189992A77B7AE00F101BB /* WeatherAPPTests.xctest */,
				D57189A32A77B7AE00F101BB /* WeatherAPPUITests.xctest */,
			);
			name = Products;
			sourceTree = "<group>";
		};
		D571898A2A77B7AD00F101BB /* WeatherAPP */ = {
			isa = PBXGroup;
			children = (
				D57189D22A794A6600F101BB /* Clear.json */,
				D57189CB2A78069000F101BB /* Windy.json */,
				D57189C92A7803A400F101BB /* Clouds.json */,
				D57189CF2A79017600F101BB /* View */,
				D57189C32A78000E00F101BB /* Helpers */,
				D57189BE2A77CB8200F101BB /* ViewModel */,
				D57189B92A77C54800F101BB /* Model */,
				D57189B62A77B7B900F101BB /* Network */,
				D571898B2A77B7AD00F101BB /* WeatherAPPApp.swift */,
				D571898F2A77B7AE00F101BB /* Assets.xcassets */,
				D57189912A77B7AE00F101BB /* WeatherAPP.entitlements */,
				D57189922A77B7AE00F101BB /* Preview Content */,
			);
			path = WeatherAPP;
			sourceTree = "<group>";
		};
		D57189922A77B7AE00F101BB /* Preview Content */ = {
			isa = PBXGroup;
			children = (
				D57189932A77B7AE00F101BB /* Preview Assets.xcassets */,
			);
			path = "Preview Content";
			sourceTree = "<group>";
		};
		D571899C2A77B7AE00F101BB /* WeatherAPPTests */ = {
			isa = PBXGroup;
			children = (
				D571899D2A77B7AE00F101BB /* WeatherAPPTests.swift */,
			);
			path = WeatherAPPTests;
			sourceTree = "<group>";
		};
		D57189A62A77B7AE00F101BB /* WeatherAPPUITests */ = {
			isa = PBXGroup;
			children = (
				D57189A72A77B7AE00F101BB /* WeatherAPPUITests.swift */,
				D57189A92A77B7AE00F101BB /* WeatherAPPUITestsLaunchTests.swift */,
			);
			path = WeatherAPPUITests;
			sourceTree = "<group>";
		};
		D57189B62A77B7B900F101BB /* Network */ = {
			isa = PBXGroup;
			children = (
				D57189B72A77BA5B00F101BB /* APIClient.swift */,
				D57189BA2A77C71200F101BB /* Endpoint.swift */,
				D57189C12A77CD2400F101BB /* APIManager.swift */,
			);
			path = Network;
			sourceTree = "<group>";
		};
		D57189B92A77C54800F101BB /* Model */ = {
			isa = PBXGroup;
			children = (
				D57189BC2A77CA6500F101BB /* WeatherResponse.swift */,
			);
			path = Model;
			sourceTree = "<group>";
		};
		D57189BE2A77CB8200F101BB /* ViewModel */ = {
			isa = PBXGroup;
			children = (
				D57189BF2A77CB9600F101BB /* WeatherViewModel.swift */,
			);
			path = ViewModel;
			sourceTree = "<group>";
		};
		D57189C32A78000E00F101BB /* Helpers */ = {
			isa = PBXGroup;
			children = (
				D57189C42A78001B00F101BB /* LottieView.swift */,
				D57189CD2A78ED5D00F101BB /* LocationManager.swift */,
			);
			path = Helpers;
			sourceTree = "<group>";
		};
		D57189CF2A79017600F101BB /* View */ = {
			isa = PBXGroup;
			children = (
				D571898D2A77B7AD00F101BB /* ContentView.swift */,
				D57189D42A79A76C00F101BB /* WeatherDayRowView.swift */,
				D57189D62A7A7B6400F101BB /* Extensions.swift */,
			);
			path = View;
			sourceTree = "<group>";
		};
/* End PBXGroup section */

/* Begin PBXNativeTarget section */
		D57189872A77B7AD00F101BB /* WeatherAPP */ = {
			isa = PBXNativeTarget;
			buildConfigurationList = D57189AD2A77B7AE00F101BB /* Build configuration list for PBXNativeTarget "WeatherAPP" */;
			buildPhases = (
				D57189842A77B7AD00F101BB /* Sources */,
				D57189852A77B7AD00F101BB /* Frameworks */,
				D57189862A77B7AD00F101BB /* Resources */,
			);
			buildRules = (
			);
			dependencies = (
			);
			name = WeatherAPP;
			packageProductDependencies = (
				D57189C72A78008800F101BB /* Lottie */,
			);
			productName = WeatherAPP;
			productReference = D57189882A77B7AD00F101BB /* WeatherAPP.app */;
			productType = "com.apple.product-type.application";
		};
		D57189982A77B7AE00F101BB /* WeatherAPPTests */ = {
			isa = PBXNativeTarget;
			buildConfigurationList = D57189B02A77B7AE00F101BB /* Build configuration list for PBXNativeTarget "WeatherAPPTests" */;
			buildPhases = (
				D57189952A77B7AE00F101BB /* Sources */,
				D57189962A77B7AE00F101BB /* Frameworks */,
				D57189972A77B7AE00F101BB /* Resources */,
			);
			buildRules = (
			);
			dependencies = (
				D571899B2A77B7AE00F101BB /* PBXTargetDependency */,
			);
			name = WeatherAPPTests;
			productName = WeatherAPPTests;
			productReference = D57189992A77B7AE00F101BB /* WeatherAPPTests.xctest */;
			productType = "com.apple.product-type.bundle.unit-test";
		};
		D57189A22A77B7AE00F101BB /* WeatherAPPUITests */ = {
			isa = PBXNativeTarget;
			buildConfigurationList = D57189B32A77B7AE00F101BB /* Build configuration list for PBXNativeTarget "WeatherAPPUITests" */;
			buildPhases = (
				D571899F2A77B7AE00F101BB /* Sources */,
				D57189A02A77B7AE00F101BB /* Frameworks */,
				D57189A12A77B7AE00F101BB /* Resources */,
			);
			buildRules = (
			);
			dependencies = (
				D57189A52A77B7AE00F101BB /* PBXTargetDependency */,
			);
			name = WeatherAPPUITests;
			productName = WeatherAPPUITests;
			productReference = D57189A32A77B7AE00F101BB /* WeatherAPPUITests.xctest */;
			productType = "com.apple.product-type.bundle.ui-testing";
		};
/* End PBXNativeTarget section */

/* Begin PBXProject section */
		D57189802A77B7AD00F101BB /* Project object */ = {
			isa = PBXProject;
			attributes = {
				BuildIndependentTargetsInParallel = 1;
				LastSwiftUpdateCheck = 1430;
				LastUpgradeCheck = 1430;
				TargetAttributes = {
					D57189872A77B7AD00F101BB = {
						CreatedOnToolsVersion = 14.3.1;
					};
					D57189982A77B7AE00F101BB = {
						CreatedOnToolsVersion = 14.3.1;
						TestTargetID = D57189872A77B7AD00F101BB;
					};
					D57189A22A77B7AE00F101BB = {
						CreatedOnToolsVersion = 14.3.1;
						TestTargetID = D57189872A77B7AD00F101BB;
					};
				};
			};
			buildConfigurationList = D57189832A77B7AD00F101BB /* Build configuration list for PBXProject "WeatherAPP" */;
			compatibilityVersion = "Xcode 14.0";
			developmentRegion = en;
			hasScannedForEncodings = 0;
			knownRegions = (
				en,
				Base,
			);
			mainGroup = D571897F2A77B7AD00F101BB;
			packageReferences = (
				D57189C62A78008800F101BB /* XCRemoteSwiftPackageReference "lottie-ios" */,
			);
			productRefGroup = D57189892A77B7AD00F101BB /* Products */;
			projectDirPath = "";
			projectRoot = "";
			targets = (
				D57189872A77B7AD00F101BB /* WeatherAPP */,
				D57189982A77B7AE00F101BB /* WeatherAPPTests */,
				D57189A22A77B7AE00F101BB /* WeatherAPPUITests */,
			);
		};
/* End PBXProject section */

/* Begin PBXResourcesBuildPhase section */
		D57189862A77B7AD00F101BB /* Resources */ = {
			isa = PBXResourcesBuildPhase;
			buildActionMask = 2147483647;
			files = (
				D57189942A77B7AE00F101BB /* Preview Assets.xcassets in Resources */,
				D57189CC2A78069000F101BB /* Windy.json in Resources */,
				D57189902A77B7AE00F101BB /* Assets.xcassets in Resources */,
				D57189D32A794A6600F101BB /* Clear.json in Resources */,
				D57189CA2A7803A400F101BB /* Clouds.json in Resources */,
			);
			runOnlyForDeploymentPostprocessing = 0;
		};
		D57189972A77B7AE00F101BB /* Resources */ = {
			isa = PBXResourcesBuildPhase;
			buildActionMask = 2147483647;
			files = (
			);
			runOnlyForDeploymentPostprocessing = 0;
		};
		D57189A12A77B7AE00F101BB /* Resources */ = {
			isa = PBXResourcesBuildPhase;
			buildActionMask = 2147483647;
			files = (
			);
			runOnlyForDeploymentPostprocessing = 0;
		};
/* End PBXResourcesBuildPhase section */

/* Begin PBXSourcesBuildPhase section */
		D57189842A77B7AD00F101BB /* Sources */ = {
			isa = PBXSourcesBuildPhase;
			buildActionMask = 2147483647;
			files = (
				D571898E2A77B7AD00F101BB /* ContentView.swift in Sources */,
				D57189C02A77CB9600F101BB /* WeatherViewModel.swift in Sources */,
				D57189BD2A77CA6500F101BB /* WeatherResponse.swift in Sources */,
				D571898C2A77B7AD00F101BB /* WeatherAPPApp.swift in Sources */,
				D57189BB2A77C71200F101BB /* Endpoint.swift in Sources */,
				D57189B82A77BA5B00F101BB /* APIClient.swift in Sources */,
				D57189C22A77CD2400F101BB /* APIManager.swift in Sources */,
				D57189D52A79A76D00F101BB /* WeatherDayRowView.swift in Sources */,
				D57189C52A78001B00F101BB /* LottieView.swift in Sources */,
				D57189D72A7A7B6400F101BB /* Extensions.swift in Sources */,
				D57189CE2A78ED5D00F101BB /* LocationManager.swift in Sources */,
			);
			runOnlyForDeploymentPostprocessing = 0;
		};
		D57189952A77B7AE00F101BB /* Sources */ = {
			isa = PBXSourcesBuildPhase;
			buildActionMask = 2147483647;
			files = (
				D571899E2A77B7AE00F101BB /* WeatherAPPTests.swift in Sources */,
			);
			runOnlyForDeploymentPostprocessing = 0;
		};
		D571899F2A77B7AE00F101BB /* Sources */ = {
			isa = PBXSourcesBuildPhase;
			buildActionMask = 2147483647;
			files = (
				D57189A82A77B7AE00F101BB /* WeatherAPPUITests.swift in Sources */,
				D57189AA2A77B7AE00F101BB /* WeatherAPPUITestsLaunchTests.swift in Sources */,
			);
			runOnlyForDeploymentPostprocessing = 0;
		};
/* End PBXSourcesBuildPhase section */

/* Begin PBXTargetDependency section */
		D571899B2A77B7AE00F101BB /* PBXTargetDependency */ = {
			isa = PBXTargetDependency;
			target = D57189872A77B7AD00F101BB /* WeatherAPP */;
			targetProxy = D571899A2A77B7AE00F101BB /* PBXContainerItemProxy */;
		};
		D57189A52A77B7AE00F101BB /* PBXTargetDependency */ = {
			isa = PBXTargetDependency;
			target = D57189872A77B7AD00F101BB /* WeatherAPP */;
			targetProxy = D57189A42A77B7AE00F101BB /* PBXContainerItemProxy */;
		};
/* End PBXTargetDependency section */

/* Begin XCBuildConfiguration section */
		D57189AB2A77B7AE00F101BB /* Debug */ = {
			isa = XCBuildConfiguration;
			buildSettings = {
				ALWAYS_SEARCH_USER_PATHS = NO;
				CLANG_ANALYZER_NONNULL = YES;
				CLANG_ANALYZER_NUMBER_OBJECT_CONVERSION = YES_AGGRESSIVE;
				CLANG_CXX_LANGUAGE_STANDARD = "gnu++20";
				CLANG_ENABLE_MODULES = YES;
				CLANG_ENABLE_OBJC_ARC = YES;
				CLANG_ENABLE_OBJC_WEAK = YES;
				CLANG_WARN_BLOCK_CAPTURE_AUTORELEASING = YES;
				CLANG_WARN_BOOL_CONVERSION = YES;
				CLANG_WARN_COMMA = YES;
				CLANG_WARN_CONSTANT_CONVERSION = YES;
				CLANG_WARN_DEPRECATED_OBJC_IMPLEMENTATIONS = YES;
				CLANG_WARN_DIRECT_OBJC_ISA_USAGE = YES_ERROR;
				CLANG_WARN_DOCUMENTATION_COMMENTS = YES;
				CLANG_WARN_EMPTY_BODY = YES;
				CLANG_WARN_ENUM_CONVERSION = YES;
				CLANG_WARN_INFINITE_RECURSION = YES;
				CLANG_WARN_INT_CONVERSION = YES;
				CLANG_WARN_NON_LITERAL_NULL_CONVERSION = YES;
				CLANG_WARN_OBJC_IMPLICIT_RETAIN_SELF = YES;
				CLANG_WARN_OBJC_LITERAL_CONVERSION = YES;
				CLANG_WARN_OBJC_ROOT_CLASS = YES_ERROR;
				CLANG_WARN_QUOTED_INCLUDE_IN_FRAMEWORK_HEADER = YES;
				CLANG_WARN_RANGE_LOOP_ANALYSIS = YES;
				CLANG_WARN_STRICT_PROTOTYPES = YES;
				CLANG_WARN_SUSPICIOUS_MOVE = YES;
				CLANG_WARN_UNGUARDED_AVAILABILITY = YES_AGGRESSIVE;
				CLANG_WARN_UNREACHABLE_CODE = YES;
				CLANG_WARN__DUPLICATE_METHOD_MATCH = YES;
				COPY_PHASE_STRIP = NO;
				DEBUG_INFORMATION_FORMAT = dwarf;
				ENABLE_STRICT_OBJC_MSGSEND = YES;
				ENABLE_TESTABILITY = YES;
				GCC_C_LANGUAGE_STANDARD = gnu11;
				GCC_DYNAMIC_NO_PIC = NO;
				GCC_NO_COMMON_BLOCKS = YES;
				GCC_OPTIMIZATION_LEVEL = 0;
				GCC_PREPROCESSOR_DEFINITIONS = (
					"DEBUG=1",
					"$(inherited)",
				);
				GCC_WARN_64_TO_32_BIT_CONVERSION = YES;
				GCC_WARN_ABOUT_RETURN_TYPE = YES_ERROR;
				GCC_WARN_UNDECLARED_SELECTOR = YES;
				GCC_WARN_UNINITIALIZED_AUTOS = YES_AGGRESSIVE;
				GCC_WARN_UNUSED_FUNCTION = YES;
				GCC_WARN_UNUSED_VARIABLE = YES;
				MTL_ENABLE_DEBUG_INFO = INCLUDE_SOURCE;
				MTL_FAST_MATH = YES;
				ONLY_ACTIVE_ARCH = YES;
				SWIFT_ACTIVE_COMPILATION_CONDITIONS = DEBUG;
				SWIFT_OPTIMIZATION_LEVEL = "-Onone";
			};
			name = Debug;
		};
		D57189AC2A77B7AE00F101BB /* Release */ = {
			isa = XCBuildConfiguration;
			buildSettings = {
				ALWAYS_SEARCH_USER_PATHS = NO;
				CLANG_ANALYZER_NONNULL = YES;
				CLANG_ANALYZER_NUMBER_OBJECT_CONVERSION = YES_AGGRESSIVE;
				CLANG_CXX_LANGUAGE_STANDARD = "gnu++20";
				CLANG_ENABLE_MODULES = YES;
				CLANG_ENABLE_OBJC_ARC = YES;
				CLANG_ENABLE_OBJC_WEAK = YES;
				CLANG_WARN_BLOCK_CAPTURE_AUTORELEASING = YES;
				CLANG_WARN_BOOL_CONVERSION = YES;
				CLANG_WARN_COMMA = YES;
				CLANG_WARN_CONSTANT_CONVERSION = YES;
				CLANG_WARN_DEPRECATED_OBJC_IMPLEMENTATIONS = YES;
				CLANG_WARN_DIRECT_OBJC_ISA_USAGE = YES_ERROR;
				CLANG_WARN_DOCUMENTATION_COMMENTS = YES;
				CLANG_WARN_EMPTY_BODY = YES;
				CLANG_WARN_ENUM_CONVERSION = YES;
				CLANG_WARN_INFINITE_RECURSION = YES;
				CLANG_WARN_INT_CONVERSION = YES;
				CLANG_WARN_NON_LITERAL_NULL_CONVERSION = YES;
				CLANG_WARN_OBJC_IMPLICIT_RETAIN_SELF = YES;
				CLANG_WARN_OBJC_LITERAL_CONVERSION = YES;
				CLANG_WARN_OBJC_ROOT_CLASS = YES_ERROR;
				CLANG_WARN_QUOTED_INCLUDE_IN_FRAMEWORK_HEADER = YES;
				CLANG_WARN_RANGE_LOOP_ANALYSIS = YES;
				CLANG_WARN_STRICT_PROTOTYPES = YES;
				CLANG_WARN_SUSPICIOUS_MOVE = YES;
				CLANG_WARN_UNGUARDED_AVAILABILITY = YES_AGGRESSIVE;
				CLANG_WARN_UNREACHABLE_CODE = YES;
				CLANG_WARN__DUPLICATE_METHOD_MATCH = YES;
				COPY_PHASE_STRIP = NO;
				DEBUG_INFORMATION_FORMAT = "dwarf-with-dsym";
				ENABLE_NS_ASSERTIONS = NO;
				ENABLE_STRICT_OBJC_MSGSEND = YES;
				GCC_C_LANGUAGE_STANDARD = gnu11;
				GCC_NO_COMMON_BLOCKS = YES;
				GCC_WARN_64_TO_32_BIT_CONVERSION = YES;
				GCC_WARN_ABOUT_RETURN_TYPE = YES_ERROR;
				GCC_WARN_UNDECLARED_SELECTOR = YES;
				GCC_WARN_UNINITIALIZED_AUTOS = YES_AGGRESSIVE;
				GCC_WARN_UNUSED_FUNCTION = YES;
				GCC_WARN_UNUSED_VARIABLE = YES;
				MTL_ENABLE_DEBUG_INFO = NO;
				MTL_FAST_MATH = YES;
				SWIFT_COMPILATION_MODE = wholemodule;
				SWIFT_OPTIMIZATION_LEVEL = "-O";
			};
			name = Release;
		};
		D57189AE2A77B7AE00F101BB /* Debug */ = {
			isa = XCBuildConfiguration;
			buildSettings = {
				ASSETCATALOG_COMPILER_APPICON_NAME = AppIcon;
				ASSETCATALOG_COMPILER_GLOBAL_ACCENT_COLOR_NAME = AccentColor;
				CODE_SIGN_ENTITLEMENTS = WeatherAPP/WeatherAPP.entitlements;
				CODE_SIGN_STYLE = Automatic;
				CURRENT_PROJECT_VERSION = 1;
				DEVELOPMENT_ASSET_PATHS = "\"WeatherAPP/Preview Content\"";
				ENABLE_PREVIEWS = YES;
				GENERATE_INFOPLIST_FILE = YES;
				INFOPLIST_KEY_NSLocationWhenInUseUsageDescription = "App needs privilage to access location";
				"INFOPLIST_KEY_UIApplicationSceneManifest_Generation[sdk=iphoneos*]" = YES;
				"INFOPLIST_KEY_UIApplicationSceneManifest_Generation[sdk=iphonesimulator*]" = YES;
				"INFOPLIST_KEY_UIApplicationSupportsIndirectInputEvents[sdk=iphoneos*]" = YES;
				"INFOPLIST_KEY_UIApplicationSupportsIndirectInputEvents[sdk=iphonesimulator*]" = YES;
				"INFOPLIST_KEY_UILaunchScreen_Generation[sdk=iphoneos*]" = YES;
				"INFOPLIST_KEY_UILaunchScreen_Generation[sdk=iphonesimulator*]" = YES;
				"INFOPLIST_KEY_UIStatusBarStyle[sdk=iphoneos*]" = UIStatusBarStyleDefault;
				"INFOPLIST_KEY_UIStatusBarStyle[sdk=iphonesimulator*]" = UIStatusBarStyleDefault;
				INFOPLIST_KEY_UISupportedInterfaceOrientations_iPad = "UIInterfaceOrientationPortrait UIInterfaceOrientationPortraitUpsideDown UIInterfaceOrientationLandscapeLeft UIInterfaceOrientationLandscapeRight";
				IPHONEOS_DEPLOYMENT_TARGET = 16.4;
				LD_RUNPATH_SEARCH_PATHS = "@executable_path/Frameworks";
				"LD_RUNPATH_SEARCH_PATHS[sdk=macosx*]" = "@executable_path/../Frameworks";
				MACOSX_DEPLOYMENT_TARGET = 13.3;
				MARKETING_VERSION = 1.0;
				PRODUCT_BUNDLE_IDENTIFIER = com.rouzbeh.WeatherAPP;
				PRODUCT_NAME = "$(TARGET_NAME)";
				SDKROOT = auto;
				SUPPORTED_PLATFORMS = "iphoneos iphonesimulator macosx";
				SWIFT_EMIT_LOC_STRINGS = YES;
				SWIFT_VERSION = 5.0;
				TARGETED_DEVICE_FAMILY = "1,2";
			};
			name = Debug;
		};
		D57189AF2A77B7AE00F101BB /* Release */ = {
			isa = XCBuildConfiguration;
			buildSettings = {
				ASSETCATALOG_COMPILER_APPICON_NAME = AppIcon;
				ASSETCATALOG_COMPILER_GLOBAL_ACCENT_COLOR_NAME = AccentColor;
				CODE_SIGN_ENTITLEMENTS = WeatherAPP/WeatherAPP.entitlements;
				CODE_SIGN_STYLE = Automatic;
				CURRENT_PROJECT_VERSION = 1;
				DEVELOPMENT_ASSET_PATHS = "\"WeatherAPP/Preview Content\"";
				ENABLE_PREVIEWS = YES;
				GENERATE_INFOPLIST_FILE = YES;
				INFOPLIST_KEY_NSLocationWhenInUseUsageDescription = "App needs privilage to access location";
				"INFOPLIST_KEY_UIApplicationSceneManifest_Generation[sdk=iphoneos*]" = YES;
				"INFOPLIST_KEY_UIApplicationSceneManifest_Generation[sdk=iphonesimulator*]" = YES;
				"INFOPLIST_KEY_UIApplicationSupportsIndirectInputEvents[sdk=iphoneos*]" = YES;
				"INFOPLIST_KEY_UIApplicationSupportsIndirectInputEvents[sdk=iphonesimulator*]" = YES;
				"INFOPLIST_KEY_UILaunchScreen_Generation[sdk=iphoneos*]" = YES;
				"INFOPLIST_KEY_UILaunchScreen_Generation[sdk=iphonesimulator*]" = YES;
				"INFOPLIST_KEY_UIStatusBarStyle[sdk=iphoneos*]" = UIStatusBarStyleDefault;
				"INFOPLIST_KEY_UIStatusBarStyle[sdk=iphonesimulator*]" = UIStatusBarStyleDefault;
				INFOPLIST_KEY_UISupportedInterfaceOrientations_iPad = "UIInterfaceOrientationPortrait UIInterfaceOrientationPortraitUpsideDown UIInterfaceOrientationLandscapeLeft UIInterfaceOrientationLandscapeRight";
				IPHONEOS_DEPLOYMENT_TARGET = 16.4;
				LD_RUNPATH_SEARCH_PATHS = "@executable_path/Frameworks";
				"LD_RUNPATH_SEARCH_PATHS[sdk=macosx*]" = "@executable_path/../Frameworks";
				MACOSX_DEPLOYMENT_TARGET = 13.3;
				MARKETING_VERSION = 1.0;
				PRODUCT_BUNDLE_IDENTIFIER = com.rouzbeh.WeatherAPP;
				PRODUCT_NAME = "$(TARGET_NAME)";
				SDKROOT = auto;
				SUPPORTED_PLATFORMS = "iphoneos iphonesimulator macosx";
				SWIFT_EMIT_LOC_STRINGS = YES;
				SWIFT_VERSION = 5.0;
				TARGETED_DEVICE_FAMILY = "1,2";
			};
			name = Release;
		};
		D57189B12A77B7AE00F101BB /* Debug */ = {
			isa = XCBuildConfiguration;
			buildSettings = {
				ALWAYS_EMBED_SWIFT_STANDARD_LIBRARIES = YES;
				BUNDLE_LOADER = "$(TEST_HOST)";
				CODE_SIGN_STYLE = Automatic;
				CURRENT_PROJECT_VERSION = 1;
				GENERATE_INFOPLIST_FILE = YES;
				IPHONEOS_DEPLOYMENT_TARGET = 16.4;
				MACOSX_DEPLOYMENT_TARGET = 13.3;
				MARKETING_VERSION = 1.0;
				PRODUCT_BUNDLE_IDENTIFIER = com.rouzbeh.WeatherAPPTests;
				PRODUCT_NAME = "$(TARGET_NAME)";
				SDKROOT = auto;
				SUPPORTED_PLATFORMS = "iphoneos iphonesimulator macosx";
				SWIFT_EMIT_LOC_STRINGS = NO;
				SWIFT_VERSION = 5.0;
				TARGETED_DEVICE_FAMILY = "1,2";
				TEST_HOST = "$(BUILT_PRODUCTS_DIR)/WeatherAPP.app/$(BUNDLE_EXECUTABLE_FOLDER_PATH)/WeatherAPP";
			};
			name = Debug;
		};
		D57189B22A77B7AE00F101BB /* Release */ = {
			isa = XCBuildConfiguration;
			buildSettings = {
				ALWAYS_EMBED_SWIFT_STANDARD_LIBRARIES = YES;
				BUNDLE_LOADER = "$(TEST_HOST)";
				CODE_SIGN_STYLE = Automatic;
				CURRENT_PROJECT_VERSION = 1;
				GENERATE_INFOPLIST_FILE = YES;
				IPHONEOS_DEPLOYMENT_TARGET = 16.4;
				MACOSX_DEPLOYMENT_TARGET = 13.3;
				MARKETING_VERSION = 1.0;
				PRODUCT_BUNDLE_IDENTIFIER = com.rouzbeh.WeatherAPPTests;
				PRODUCT_NAME = "$(TARGET_NAME)";
				SDKROOT = auto;
				SUPPORTED_PLATFORMS = "iphoneos iphonesimulator macosx";
				SWIFT_EMIT_LOC_STRINGS = NO;
				SWIFT_VERSION = 5.0;
				TARGETED_DEVICE_FAMILY = "1,2";
				TEST_HOST = "$(BUILT_PRODUCTS_DIR)/WeatherAPP.app/$(BUNDLE_EXECUTABLE_FOLDER_PATH)/WeatherAPP";
			};
			name = Release;
		};
		D57189B42A77B7AE00F101BB /* Debug */ = {
			isa = XCBuildConfiguration;
			buildSettings = {
				ALWAYS_EMBED_SWIFT_STANDARD_LIBRARIES = YES;
				CODE_SIGN_STYLE = Automatic;
				CURRENT_PROJECT_VERSION = 1;
				GENERATE_INFOPLIST_FILE = YES;
				IPHONEOS_DEPLOYMENT_TARGET = 16.4;
				MACOSX_DEPLOYMENT_TARGET = 13.3;
				MARKETING_VERSION = 1.0;
				PRODUCT_BUNDLE_IDENTIFIER = com.rouzbeh.WeatherAPPUITests;
				PRODUCT_NAME = "$(TARGET_NAME)";
				SDKROOT = auto;
				SUPPORTED_PLATFORMS = "iphoneos iphonesimulator macosx";
				SWIFT_EMIT_LOC_STRINGS = NO;
				SWIFT_VERSION = 5.0;
				TARGETED_DEVICE_FAMILY = "1,2";
				TEST_TARGET_NAME = WeatherAPP;
			};
			name = Debug;
		};
		D57189B52A77B7AE00F101BB /* Release */ = {
			isa = XCBuildConfiguration;
			buildSettings = {
				ALWAYS_EMBED_SWIFT_STANDARD_LIBRARIES = YES;
				CODE_SIGN_STYLE = Automatic;
				CURRENT_PROJECT_VERSION = 1;
				GENERATE_INFOPLIST_FILE = YES;
				IPHONEOS_DEPLOYMENT_TARGET = 16.4;
				MACOSX_DEPLOYMENT_TARGET = 13.3;
				MARKETING_VERSION = 1.0;
				PRODUCT_BUNDLE_IDENTIFIER = com.rouzbeh.WeatherAPPUITests;
				PRODUCT_NAME = "$(TARGET_NAME)";
				SDKROOT = auto;
				SUPPORTED_PLATFORMS = "iphoneos iphonesimulator macosx";
				SWIFT_EMIT_LOC_STRINGS = NO;
				SWIFT_VERSION = 5.0;
				TARGETED_DEVICE_FAMILY = "1,2";
				TEST_TARGET_NAME = WeatherAPP;
			};
			name = Release;
		};
/* End XCBuildConfiguration section */

/* Begin XCConfigurationList section */
		D57189832A77B7AD00F101BB /* Build configuration list for PBXProject "WeatherAPP" */ = {
			isa = XCConfigurationList;
			buildConfigurations = (
				D57189AB2A77B7AE00F101BB /* Debug */,
				D57189AC2A77B7AE00F101BB /* Release */,
			);
			defaultConfigurationIsVisible = 0;
			defaultConfigurationName = Release;
		};
		D57189AD2A77B7AE00F101BB /* Build configuration list for PBXNativeTarget "WeatherAPP" */ = {
			isa = XCConfigurationList;
			buildConfigurations = (
				D57189AE2A77B7AE00F101BB /* Debug */,
				D57189AF2A77B7AE00F101BB /* Release */,
			);
			defaultConfigurationIsVisible = 0;
			defaultConfigurationName = Release;
		};
		D57189B02A77B7AE00F101BB /* Build configuration list for PBXNativeTarget "WeatherAPPTests" */ = {
			isa = XCConfigurationList;
			buildConfigurations = (
				D57189B12A77B7AE00F101BB /* Debug */,
				D57189B22A77B7AE00F101BB /* Release */,
			);
			defaultConfigurationIsVisible = 0;
			defaultConfigurationName = Release;
		};
		D57189B32A77B7AE00F101BB /* Build configuration list for PBXNativeTarget "WeatherAPPUITests" */ = {
			isa = XCConfigurationList;
			buildConfigurations = (
				D57189B42A77B7AE00F101BB /* Debug */,
				D57189B52A77B7AE00F101BB /* Release */,
			);
			defaultConfigurationIsVisible = 0;
			defaultConfigurationName = Release;
		};
/* End XCConfigurationList section */

/* Begin XCRemoteSwiftPackageReference section */
		D57189C62A78008800F101BB /* XCRemoteSwiftPackageReference "lottie-ios" */ = {
			isa = XCRemoteSwiftPackageReference;
			repositoryURL = "https://github.com/airbnb/lottie-ios";
			requirement = {
				kind = upToNextMajorVersion;
				minimumVersion = 4.0.0;
			};
		};
/* End XCRemoteSwiftPackageReference section */

/* Begin XCSwiftPackageProductDependency section */
		D57189C72A78008800F101BB /* Lottie */ = {
			isa = XCSwiftPackageProductDependency;
			package = D57189C62A78008800F101BB /* XCRemoteSwiftPackageReference "lottie-ios" */;
			productName = Lottie;
		};
/* End XCSwiftPackageProductDependency section */
	};
	rootObject = D57189802A77B7AD00F101BB /* Project object */;
}
